Microsoft Visual Studio Solution File, Format Version 12.00
# Visual Studio 2012
Project("{FAE04EC0-301F-11D3-BF4B-00C04F79EFBC}") = "ArchipelagoMultiTextClient", "ArchipelagoMultiTextClient.csproj", "{E3597785-7F48-4A5D-9677-E724CB2F8463}"
EndProject
Global
	GlobalSection(SolutionConfigurationPlatforms) = preSolution
	Debug|Any CPU = Debug|Any CPU
	ExportDebug|Any CPU = ExportDebug|Any CPU
	ExportRelease|Any CPU = ExportRelease|Any CPU
	EndGlobalSection
	GlobalSection(ProjectConfigurationPlatforms) = postSolution
		{E3597785-7F48-4A5D-9677-E724CB2F8463}.Debug|Any CPU.ActiveCfg = Debug|Any CPU
		{E3597785-7F48-4A5D-9677-E724CB2F8463}.Debug|Any CPU.Build.0 = Debug|Any CPU
		{E3597785-7F48-4A5D-9677-E724CB2F8463}.ExportDebug|Any CPU.ActiveCfg = ExportDebug|Any CPU
		{E3597785-7F48-4A5D-9677-E724CB2F8463}.ExportDebug|Any CPU.Build.0 = ExportDebug|Any CPU
		{E3597785-7F48-4A5D-9677-E724CB2F8463}.ExportRelease|Any CPU.ActiveCfg = ExportRelease|Any CPU
		{E3597785-7F48-4A5D-9677-E724CB2F8463}.ExportRelease|Any CPU.Build.0 = ExportRelease|Any CPU
	EndGlobalSection
EndGlobal
